
Microsoft Visual Studio Solution File, Format Version 10.00
# Visual Studio 2008
Project("{FAE04EC0-301F-11D3-BF4B-00C04F79EFBC}") = "XHX", "XHX\XHX.csproj", "{EEECAB09-9436-4158-85B8-F9CB0C13223C}"
	ProjectSection(ProjectDependencies) = postProject
		{421F3892-5B63-4CBA-8175-C9FDAB05357F} = {421F3892-5B63-4CBA-8175-C9FDAB05357F}
	EndProjectSection
EndProject
Project("{E24C65DC-7377-472B-9ABA-BC803B73C61A}") = "XHXWebSite", "XHXWebSite\", "{421F3892-5B63-4CBA-8175-C9FDAB05357F}"
	ProjectSection(WebsiteProperties) = preProject
		TargetFramework = "3.5"
		Debug.AspNetCompiler.VirtualPath = "/XHXWebSite"
		Debug.AspNetCompiler.PhysicalPath = "XHXWebSite\"
		Debug.AspNetCompiler.TargetPath = "PrecompiledWeb\XHXWebSite\"
		Debug.AspNetCompiler.Updateable = "true"
		Debug.AspNetCompiler.ForceOverwrite = "true"
		Debug.AspNetCompiler.FixedNames = "false"
		Debug.AspNetCompiler.Debug = "True"
		Release.AspNetCompiler.VirtualPath = "/XHXWebSite"
		Release.AspNetCompiler.PhysicalPath = "XHXWebSite\"
		Release.AspNetCompiler.TargetPath = "PrecompiledWeb\XHXWebSite\"
		Release.AspNetCompiler.Updateable = "true"
		Release.AspNetCompiler.ForceOverwrite = "true"
		Release.AspNetCompiler.FixedNames = "false"
		Release.AspNetCompiler.Debug = "False"
		VWDPort = "1452"
	EndProjectSection
EndProject
Global
	GlobalSection(SolutionConfigurationPlatforms) = preSolution
		Debug|Any CPU = Debug|Any CPU
		Debug|Mixed Platforms = Debug|Mixed Platforms
		Debug|x86 = Debug|x86
		Release|Any CPU = Release|Any CPU
		Release|Mixed Platforms = Release|Mixed Platforms
		Release|x86 = Release|x86
	EndGlobalSection
	GlobalSection(ProjectConfigurationPlatforms) = postSolution
		{EEECAB09-9436-4158-85B8-F9CB0C13223C}.Debug|Any CPU.ActiveCfg = Debug|Any CPU
		{EEECAB09-9436-4158-85B8-F9CB0C13223C}.Debug|Any CPU.Build.0 = Debug|Any CPU
		{EEECAB09-9436-4158-85B8-F9CB0C13223C}.Debug|Mixed Platforms.ActiveCfg = Debug|Any CPU
		{EEECAB09-9436-4158-85B8-F9CB0C13223C}.Debug|Mixed Platforms.Build.0 = Debug|Any CPU
		{EEECAB09-9436-4158-85B8-F9CB0C13223C}.Debug|x86.ActiveCfg = Debug|Any CPU
		{EEECAB09-9436-4158-85B8-F9CB0C13223C}.Debug|x86.Build.0 = Debug|Any CPU
		{EEECAB09-9436-4158-85B8-F9CB0C13223C}.Release|Any CPU.ActiveCfg = Release|Any CPU
		{EEECAB09-9436-4158-85B8-F9CB0C13223C}.Release|Any CPU.Build.0 = Release|Any CPU
		{EEECAB09-9436-4158-85B8-F9CB0C13223C}.Release|Mixed Platforms.ActiveCfg = Release|Any CPU
		{EEECAB09-9436-4158-85B8-F9CB0C13223C}.Release|Mixed Platforms.Build.0 = Release|Any CPU
		{EEECAB09-9436-4158-85B8-F9CB0C13223C}.Release|x86.ActiveCfg = Release|x86
		{EEECAB09-9436-4158-85B8-F9CB0C13223C}.Release|x86.Build.0 = Release|x86
		{421F3892-5B63-4CBA-8175-C9FDAB05357F}.Debug|Any CPU.ActiveCfg = Debug|Any CPU
		{421F3892-5B63-4CBA-8175-C9FDAB05357F}.Debug|Any CPU.Build.0 = Debug|Any CPU
		{421F3892-5B63-4CBA-8175-C9FDAB05357F}.Debug|Mixed Platforms.ActiveCfg = Debug|Any CPU
		{421F3892-5B63-4CBA-8175-C9FDAB05357F}.Debug|Mixed Platforms.Build.0 = Debug|Any CPU
		{421F3892-5B63-4CBA-8175-C9FDAB05357F}.Debug|x86.ActiveCfg = Debug|Any CPU
		{421F3892-5B63-4CBA-8175-C9FDAB05357F}.Release|Any CPU.ActiveCfg = Debug|Any CPU
		{421F3892-5B63-4CBA-8175-C9FDAB05357F}.Release|Any CPU.Build.0 = Debug|Any CPU
		{421F3892-5B63-4CBA-8175-C9FDAB05357F}.Release|Mixed Platforms.ActiveCfg = Debug|Any CPU
		{421F3892-5B63-4CBA-8175-C9FDAB05357F}.Release|Mixed Platforms.Build.0 = Debug|Any CPU
		{421F3892-5B63-4CBA-8175-C9FDAB05357F}.Release|x86.ActiveCfg = Debug|Any CPU
	EndGlobalSection
	GlobalSection(SolutionProperties) = preSolution
		HideSolutionNode = FALSE
	EndGlobalSection
EndGlobal
